// !$*UTF8*$!
{
	archiveVersion = 1;
	classes = {
	};
	objectVersion = 51;
	objects = {

/* Begin PBXBuildFile section */
		B427A40B1689350B7684D94D /* Pods_Marvel_MVP.framework in Frameworks */ = {isa = PBXBuildFile; fileRef = 05179F54814566DCB9257966 /* Pods_Marvel_MVP.framework */; };
		B487801523C8B07200E57D2D /* ProfileButton.swift in Sources */ = {isa = PBXBuildFile; fileRef = B487801423C8B07200E57D2D /* ProfileButton.swift */; };
		B487801823C8FE9E00E57D2D /* AllListMarvel.swift in Sources */ = {isa = PBXBuildFile; fileRef = B487801723C8FE9E00E57D2D /* AllListMarvel.swift */; };
		B487801A23C8FF2A00E57D2D /* PostCell.swift in Sources */ = {isa = PBXBuildFile; fileRef = B487801923C8FF2A00E57D2D /* PostCell.swift */; };
		B4B0EBE923C639B90057D230 /* AppDelegate.swift in Sources */ = {isa = PBXBuildFile; fileRef = B4B0EBE823C639B90057D230 /* AppDelegate.swift */; };
		B4B0EBEB23C639B90057D230 /* SceneDelegate.swift in Sources */ = {isa = PBXBuildFile; fileRef = B4B0EBEA23C639B90057D230 /* SceneDelegate.swift */; };
		B4B0EBF123C639BC0057D230 /* Assets.xcassets in Resources */ = {isa = PBXBuildFile; fileRef = B4B0EBF023C639BC0057D230 /* Assets.xcassets */; };
		B4B0EBF423C639BC0057D230 /* Preview Assets.xcassets in Resources */ = {isa = PBXBuildFile; fileRef = B4B0EBF323C639BC0057D230 /* Preview Assets.xcassets */; };
		B4B0EBF723C639BC0057D230 /* LaunchScreen.storyboard in Resources */ = {isa = PBXBuildFile; fileRef = B4B0EBF523C639BC0057D230 /* LaunchScreen.storyboard */; };
		B4B0EC0023C639F80057D230 /* HomeView.swift in Sources */ = {isa = PBXBuildFile; fileRef = B4B0EBFF23C639F80057D230 /* HomeView.swift */; };
		B4B0EC0323C63AC10057D230 /* AppAssembly.swift in Sources */ = {isa = PBXBuildFile; fileRef = B4B0EC0223C63AC10057D230 /* AppAssembly.swift */; };
		B4B0EC0523C63B460057D230 /* HomePresenter.swift in Sources */ = {isa = PBXBuildFile; fileRef = B4B0EC0423C63B460057D230 /* HomePresenter.swift */; };
		B4B0EC0823C63B680057D230 /* BaseProvider.swift in Sources */ = {isa = PBXBuildFile; fileRef = B4B0EC0623C63B680057D230 /* BaseProvider.swift */; };
		B4B0EC0923C63B680057D230 /* GenerProvider.swift in Sources */ = {isa = PBXBuildFile; fileRef = B4B0EC0723C63B680057D230 /* GenerProvider.swift */; };
		B4B0EC0B23C63B930057D230 /* HomeInteractor.swift in Sources */ = {isa = PBXBuildFile; fileRef = B4B0EC0A23C63B930057D230 /* HomeInteractor.swift */; };
		B4B0EC0E23C63C640057D230 /* ComicsModel.swift in Sources */ = {isa = PBXBuildFile; fileRef = B4B0EC0D23C63C640057D230 /* ComicsModel.swift */; };
		B4B0EC1123C63CB10057D230 /* Constantes.swift in Sources */ = {isa = PBXBuildFile; fileRef = B4B0EC1023C63CB10057D230 /* Constantes.swift */; };
		B4B0EC1323C63E2F0057D230 /* Helpers.swift in Sources */ = {isa = PBXBuildFile; fileRef = B4B0EC1223C63E2F0057D230 /* Helpers.swift */; };
		B4B0EC1623C640820057D230 /* CustomCellMovie.swift in Sources */ = {isa = PBXBuildFile; fileRef = B4B0EC1523C640820057D230 /* CustomCellMovie.swift */; };
		B4B0EC1823C640B50057D230 /* RemoteImageUrl.swift in Sources */ = {isa = PBXBuildFile; fileRef = B4B0EC1723C640B50057D230 /* RemoteImageUrl.swift */; };
		B4B0EC1A23C66FE50057D230 /* HeaderCellComics.swift in Sources */ = {isa = PBXBuildFile; fileRef = B4B0EC1923C66FE50057D230 /* HeaderCellComics.swift */; };
		B4B0EC1C23C73A190057D230 /* CharactersModel.swift in Sources */ = {isa = PBXBuildFile; fileRef = B4B0EC1B23C73A190057D230 /* CharactersModel.swift */; };
		B4B0EC1E23C78B6B0057D230 /* SeriesModel.swift in Sources */ = {isa = PBXBuildFile; fileRef = B4B0EC1D23C78B6B0057D230 /* SeriesModel.swift */; };
		B4B0EC2223C791980057D230 /* LoginView.swift in Sources */ = {isa = PBXBuildFile; fileRef = B4B0EC2123C791980057D230 /* LoginView.swift */; };
		B4B0EC2523C799460057D230 /* SignInWithApple.swift in Sources */ = {isa = PBXBuildFile; fileRef = B4B0EC2423C799460057D230 /* SignInWithApple.swift */; };
		B4B0EC2723C7A3C30057D230 /* UserAndPassword.swift in Sources */ = {isa = PBXBuildFile; fileRef = B4B0EC2623C7A3C30057D230 /* UserAndPassword.swift */; };
		B4B0EC2D23C7A71D0057D230 /* UserData.swift in Sources */ = {isa = PBXBuildFile; fileRef = B4B0EC2923C7A71C0057D230 /* UserData.swift */; };
		B4B0EC2E23C7A71D0057D230 /* UserDataKeychain.swift in Sources */ = {isa = PBXBuildFile; fileRef = B4B0EC2A23C7A71C0057D230 /* UserDataKeychain.swift */; };
		B4B0EC2F23C7A71D0057D230 /* Keychain.swift in Sources */ = {isa = PBXBuildFile; fileRef = B4B0EC2B23C7A71C0057D230 /* Keychain.swift */; };
		B4B0EC3023C7A71D0057D230 /* SharedWebCredential.swift in Sources */ = {isa = PBXBuildFile; fileRef = B4B0EC2C23C7A71C0057D230 /* SharedWebCredential.swift */; };
		B4B0EC3223C7A8B10057D230 /* SignInWithAppleDelegates.swift in Sources */ = {isa = PBXBuildFile; fileRef = B4B0EC3123C7A8B10057D230 /* SignInWithAppleDelegates.swift */; };
		B4B0EC3423C7AA200057D230 /* WebApi.swift in Sources */ = {isa = PBXBuildFile; fileRef = B4B0EC3323C7AA200057D230 /* WebApi.swift */; };
		B4B0EC3923C7C9AA0057D230 /* FeaturedModel.swift in Sources */ = {isa = PBXBuildFile; fileRef = B4B0EC3823C7C9AA0057D230 /* FeaturedModel.swift */; };
		B4CF3E7B23D1055100A3CF18 /* DetailMarvelView.swift in Sources */ = {isa = PBXBuildFile; fileRef = B4CF3E7A23D1055100A3CF18 /* DetailMarvelView.swift */; };
/* End PBXBuildFile section */

/* Begin PBXFileReference section */
		05179F54814566DCB9257966 /* Pods_Marvel_MVP.framework */ = {isa = PBXFileReference; explicitFileType = wrapper.framework; includeInIndex = 0; path = Pods_Marvel_MVP.framework; sourceTree = BUILT_PRODUCTS_DIR; };
		7E3833793C8CF09F95E5CFDC /* Pods-Marvel_MVP.release.xcconfig */ = {isa = PBXFileReference; includeInIndex = 1; lastKnownFileType = text.xcconfig; name = "Pods-Marvel_MVP.release.xcconfig"; path = "Target Support Files/Pods-Marvel_MVP/Pods-Marvel_MVP.release.xcconfig"; sourceTree = "<group>"; };
		B487801423C8B07200E57D2D /* ProfileButton.swift */ = {isa = PBXFileReference; lastKnownFileType = sourcecode.swift; path = ProfileButton.swift; sourceTree = "<group>"; };
		B487801723C8FE9E00E57D2D /* AllListMarvel.swift */ = {isa = PBXFileReference; lastKnownFileType = sourcecode.swift; path = AllListMarvel.swift; sourceTree = "<group>"; };
		B487801923C8FF2A00E57D2D /* PostCell.swift */ = {isa = PBXFileReference; lastKnownFileType = sourcecode.swift; path = PostCell.swift; sourceTree = "<group>"; };
		B4B0EBE523C639B90057D230 /* Marvel_MVP.app */ = {isa = PBXFileReference; explicitFileType = wrapper.application; includeInIndex = 0; path = Marvel_MVP.app; sourceTree = BUILT_PRODUCTS_DIR; };
		B4B0EBE823C639B90057D230 /* AppDelegate.swift */ = {isa = PBXFileReference; lastKnownFileType = sourcecode.swift; path = AppDelegate.swift; sourceTree = "<group>"; };
		B4B0EBEA23C639B90057D230 /* SceneDelegate.swift */ = {isa = PBXFileReference; lastKnownFileType = sourcecode.swift; path = SceneDelegate.swift; sourceTree = "<group>"; };
		B4B0EBF023C639BC0057D230 /* Assets.xcassets */ = {isa = PBXFileReference; lastKnownFileType = folder.assetcatalog; path = Assets.xcassets; sourceTree = "<group>"; };
		B4B0EBF323C639BC0057D230 /* Preview Assets.xcassets */ = {isa = PBXFileReference; lastKnownFileType = text; path = "Preview Assets.xcassets"; sourceTree = "<group>"; };
		B4B0EBF623C639BC0057D230 /* Base */ = {isa = PBXFileReference; lastKnownFileType = file.storyboard; name = Base; path = Base.lproj/LaunchScreen.storyboard; sourceTree = "<group>"; };
		B4B0EBF823C639BC0057D230 /* Info.plist */ = {isa = PBXFileReference; lastKnownFileType = text.plist.xml; path = Info.plist; sourceTree = "<group>"; };
		B4B0EBFF23C639F80057D230 /* HomeView.swift */ = {isa = PBXFileReference; lastKnownFileType = sourcecode.swift; path = HomeView.swift; sourceTree = "<group>"; };
		B4B0EC0223C63AC10057D230 /* AppAssembly.swift */ = {isa = PBXFileReference; fileEncoding = 4; lastKnownFileType = sourcecode.swift; path = AppAssembly.swift; sourceTree = "<group>"; };
		B4B0EC0423C63B460057D230 /* HomePresenter.swift */ = {isa = PBXFileReference; lastKnownFileType = sourcecode.swift; path = HomePresenter.swift; sourceTree = "<group>"; };
		B4B0EC0623C63B680057D230 /* BaseProvider.swift */ = {isa = PBXFileReference; fileEncoding = 4; lastKnownFileType = sourcecode.swift; path = BaseProvider.swift; sourceTree = "<group>"; };
		B4B0EC0723C63B680057D230 /* GenerProvider.swift */ = {isa = PBXFileReference; fileEncoding = 4; lastKnownFileType = sourcecode.swift; path = GenerProvider.swift; sourceTree = "<group>"; };
		B4B0EC0A23C63B930057D230 /* HomeInteractor.swift */ = {isa = PBXFileReference; lastKnownFileType = sourcecode.swift; path = HomeInteractor.swift; sourceTree = "<group>"; };
		B4B0EC0D23C63C640057D230 /* ComicsModel.swift */ = {isa = PBXFileReference; lastKnownFileType = sourcecode.swift; path = ComicsModel.swift; sourceTree = "<group>"; };
		B4B0EC1023C63CB10057D230 /* Constantes.swift */ = {isa = PBXFileReference; fileEncoding = 4; lastKnownFileType = sourcecode.swift; path = Constantes.swift; sourceTree = "<group>"; };
		B4B0EC1223C63E2F0057D230 /* Helpers.swift */ = {isa = PBXFileReference; fileEncoding = 4; lastKnownFileType = sourcecode.swift; path = Helpers.swift; sourceTree = "<group>"; };
		B4B0EC1523C640820057D230 /* CustomCellMovie.swift */ = {isa = PBXFileReference; fileEncoding = 4; lastKnownFileType = sourcecode.swift; path = CustomCellMovie.swift; sourceTree = "<group>"; };
		B4B0EC1723C640B50057D230 /* RemoteImageUrl.swift */ = {isa = PBXFileReference; fileEncoding = 4; lastKnownFileType = sourcecode.swift; path = RemoteImageUrl.swift; sourceTree = "<group>"; };
		B4B0EC1923C66FE50057D230 /* HeaderCellComics.swift */ = {isa = PBXFileReference; lastKnownFileType = sourcecode.swift; path = HeaderCellComics.swift; sourceTree = "<group>"; };
		B4B0EC1B23C73A190057D230 /* CharactersModel.swift */ = {isa = PBXFileReference; lastKnownFileType = sourcecode.swift; path = CharactersModel.swift; sourceTree = "<group>"; };
		B4B0EC1D23C78B6B0057D230 /* SeriesModel.swift */ = {isa = PBXFileReference; lastKnownFileType = sourcecode.swift; path = SeriesModel.swift; sourceTree = "<group>"; };
		B4B0EC2123C791980057D230 /* LoginView.swift */ = {isa = PBXFileReference; lastKnownFileType = sourcecode.swift; path = LoginView.swift; sourceTree = "<group>"; };
		B4B0EC2323C7962C0057D230 /* Marvel_MVP.entitlements */ = {isa = PBXFileReference; lastKnownFileType = text.plist.entitlements; path = Marvel_MVP.entitlements; sourceTree = "<group>"; };
		B4B0EC2423C799460057D230 /* SignInWithApple.swift */ = {isa = PBXFileReference; lastKnownFileType = sourcecode.swift; path = SignInWithApple.swift; sourceTree = "<group>"; };
		B4B0EC2623C7A3C30057D230 /* UserAndPassword.swift */ = {isa = PBXFileReference; lastKnownFileType = sourcecode.swift; path = UserAndPassword.swift; sourceTree = "<group>"; };
		B4B0EC2923C7A71C0057D230 /* UserData.swift */ = {isa = PBXFileReference; fileEncoding = 4; lastKnownFileType = sourcecode.swift; path = UserData.swift; sourceTree = "<group>"; };
		B4B0EC2A23C7A71C0057D230 /* UserDataKeychain.swift */ = {isa = PBXFileReference; fileEncoding = 4; lastKnownFileType = sourcecode.swift; path = UserDataKeychain.swift; sourceTree = "<group>"; };
		B4B0EC2B23C7A71C0057D230 /* Keychain.swift */ = {isa = PBXFileReference; fileEncoding = 4; lastKnownFileType = sourcecode.swift; path = Keychain.swift; sourceTree = "<group>"; };
		B4B0EC2C23C7A71C0057D230 /* SharedWebCredential.swift */ = {isa = PBXFileReference; fileEncoding = 4; lastKnownFileType = sourcecode.swift; path = SharedWebCredential.swift; sourceTree = "<group>"; };
		B4B0EC3123C7A8B10057D230 /* SignInWithAppleDelegates.swift */ = {isa = PBXFileReference; lastKnownFileType = sourcecode.swift; path = SignInWithAppleDelegates.swift; sourceTree = "<group>"; };
		B4B0EC3323C7AA200057D230 /* WebApi.swift */ = {isa = PBXFileReference; fileEncoding = 4; lastKnownFileType = sourcecode.swift; path = WebApi.swift; sourceTree = "<group>"; };
		B4B0EC3823C7C9AA0057D230 /* FeaturedModel.swift */ = {isa = PBXFileReference; lastKnownFileType = sourcecode.swift; path = FeaturedModel.swift; sourceTree = "<group>"; };
		B4CF3E7A23D1055100A3CF18 /* DetailMarvelView.swift */ = {isa = PBXFileReference; lastKnownFileType = sourcecode.swift; path = DetailMarvelView.swift; sourceTree = "<group>"; };
		FD459BC9B89FCDDC6AA4E1C8 /* Pods-Marvel_MVP.debug.xcconfig */ = {isa = PBXFileReference; includeInIndex = 1; lastKnownFileType = text.xcconfig; name = "Pods-Marvel_MVP.debug.xcconfig"; path = "Target Support Files/Pods-Marvel_MVP/Pods-Marvel_MVP.debug.xcconfig"; sourceTree = "<group>"; };
/* End PBXFileReference section */

/* Begin PBXFrameworksBuildPhase section */
		B4B0EBE223C639B90057D230 /* Frameworks */ = {
			isa = PBXFrameworksBuildPhase;
			buildActionMask = 2147483647;
			files = (
				B427A40B1689350B7684D94D /* Pods_Marvel_MVP.framework in Frameworks */,
			);
			runOnlyForDeploymentPostprocessing = 0;
		};
/* End PBXFrameworksBuildPhase section */

/* Begin PBXGroup section */
		10B61C4F2CAED99C8F7EDE37 /* Frameworks */ = {
			isa = PBXGroup;
			children = (
				05179F54814566DCB9257966 /* Pods_Marvel_MVP.framework */,
			);
			name = Frameworks;
			sourceTree = "<group>";
		};
		60BD8296995AFF61E03F6670 /* Pods */ = {
			isa = PBXGroup;
			children = (
				FD459BC9B89FCDDC6AA4E1C8 /* Pods-Marvel_MVP.debug.xcconfig */,
				7E3833793C8CF09F95E5CFDC /* Pods-Marvel_MVP.release.xcconfig */,
			);
			path = Pods;
			sourceTree = "<group>";
		};
		B487801623C8FE7600E57D2D /* LIST_MARVEL */ = {
			isa = PBXGroup;
			children = (
				B487801723C8FE9E00E57D2D /* AllListMarvel.swift */,
			);
			path = LIST_MARVEL;
			sourceTree = "<group>";
		};
		B4B0EBDC23C639B90057D230 = {
			isa = PBXGroup;
			children = (
				B4B0EBE723C639B90057D230 /* Marvel_MVP */,
				B4B0EBE623C639B90057D230 /* Products */,
				60BD8296995AFF61E03F6670 /* Pods */,
				10B61C4F2CAED99C8F7EDE37 /* Frameworks */,
			);
			sourceTree = "<group>";
		};
		B4B0EBE623C639B90057D230 /* Products */ = {
			isa = PBXGroup;
			children = (
				B4B0EBE523C639B90057D230 /* Marvel_MVP.app */,
			);
			name = Products;
			sourceTree = "<group>";
		};
		B4B0EBE723C639B90057D230 /* Marvel_MVP */ = {
			isa = PBXGroup;
			children = (
				B4B0EC2323C7962C0057D230 /* Marvel_MVP.entitlements */,
				B4B0EC1423C6405C0057D230 /* COMPONENTES */,
				B4B0EC0F23C63CA40057D230 /* UTILS_HELPERS */,
				B4B0EC0C23C63C330057D230 /* MODELS */,
				B4B0EC0123C639FF0057D230 /* API */,
				B4B0EBFE23C639D30057D230 /* SECTIONS_FLOWS */,
				B4B0EBE823C639B90057D230 /* AppDelegate.swift */,
				B4B0EBEA23C639B90057D230 /* SceneDelegate.swift */,
				B4B0EBF023C639BC0057D230 /* Assets.xcassets */,
				B4B0EBF523C639BC0057D230 /* LaunchScreen.storyboard */,
				B4B0EBF823C639BC0057D230 /* Info.plist */,
				B4B0EBF223C639BC0057D230 /* Preview Content */,
			);
			path = Marvel_MVP;
			sourceTree = "<group>";
		};
		B4B0EBF223C639BC0057D230 /* Preview Content */ = {
			isa = PBXGroup;
			children = (
				B4B0EBF323C639BC0057D230 /* Preview Assets.xcassets */,
			);
			path = "Preview Content";
			sourceTree = "<group>";
		};
		B4B0EBFE23C639D30057D230 /* SECTIONS_FLOWS */ = {
			isa = PBXGroup;
			children = (
				B4CF3E7923D1052D00A3CF18 /* DETAIL_VIEW */,
				B487801623C8FE7600E57D2D /* LIST_MARVEL */,
				B4B0EC2023C7913E0057D230 /* LOGIN */,
				B4B0EC1F23C791210057D230 /* HOME */,
			);
			path = SECTIONS_FLOWS;
			sourceTree = "<group>";
		};
		B4B0EC0123C639FF0057D230 /* API */ = {
			isa = PBXGroup;
			children = (
				B4B0EC2823C7A71C0057D230 /* CredentialStorage */,
				B4B0EC0223C63AC10057D230 /* AppAssembly.swift */,
				B4B0EC0623C63B680057D230 /* BaseProvider.swift */,
				B4B0EC0723C63B680057D230 /* GenerProvider.swift */,
			);
			path = API;
			sourceTree = "<group>";
		};
		B4B0EC0C23C63C330057D230 /* MODELS */ = {
			isa = PBXGroup;
			children = (
				B4B0EC0D23C63C640057D230 /* ComicsModel.swift */,
				B4B0EC1B23C73A190057D230 /* CharactersModel.swift */,
				B4B0EC1D23C78B6B0057D230 /* SeriesModel.swift */,
				B4B0EC3823C7C9AA0057D230 /* FeaturedModel.swift */,
			);
			path = MODELS;
			sourceTree = "<group>";
		};
		B4B0EC0F23C63CA40057D230 /* UTILS_HELPERS */ = {
			isa = PBXGroup;
			children = (
				B4B0EC1723C640B50057D230 /* RemoteImageUrl.swift */,
				B4B0EC1023C63CB10057D230 /* Constantes.swift */,
				B4B0EC1223C63E2F0057D230 /* Helpers.swift */,
			);
			path = UTILS_HELPERS;
			sourceTree = "<group>";
		};
		B4B0EC1423C6405C0057D230 /* COMPONENTES */ = {
			isa = PBXGroup;
			children = (
				B4B0EC3723C7C9330057D230 /* Home */,
				B4B0EC3623C7C9290057D230 /* Login */,
			);
			path = COMPONENTES;
			sourceTree = "<group>";
		};
		B4B0EC1F23C791210057D230 /* HOME */ = {
			isa = PBXGroup;
			children = (
				B4B0EBFF23C639F80057D230 /* HomeView.swift */,
				B4B0EC0423C63B460057D230 /* HomePresenter.swift */,
				B4B0EC0A23C63B930057D230 /* HomeInteractor.swift */,
			);
			path = HOME;
			sourceTree = "<group>";
		};
		B4B0EC2023C7913E0057D230 /* LOGIN */ = {
			isa = PBXGroup;
			children = (
				B4B0EC2123C791980057D230 /* LoginView.swift */,
			);
			path = LOGIN;
			sourceTree = "<group>";
		};
		B4B0EC2823C7A71C0057D230 /* CredentialStorage */ = {
			isa = PBXGroup;
			children = (
				B4B0EC3323C7AA200057D230 /* WebApi.swift */,
				B4B0EC2923C7A71C0057D230 /* UserData.swift */,
				B4B0EC2A23C7A71C0057D230 /* UserDataKeychain.swift */,
				B4B0EC2B23C7A71C0057D230 /* Keychain.swift */,
				B4B0EC2C23C7A71C0057D230 /* SharedWebCredential.swift */,
			);
			path = CredentialStorage;
			sourceTree = "<group>";
		};
		B4B0EC3623C7C9290057D230 /* Login */ = {
			isa = PBXGroup;
			children = (
				B4B0EC2423C799460057D230 /* SignInWithApple.swift */,
				B4B0EC2623C7A3C30057D230 /* UserAndPassword.swift */,
				B4B0EC3123C7A8B10057D230 /* SignInWithAppleDelegates.swift */,
			);
			path = Login;
			sourceTree = "<group>";
		};
		B4B0EC3723C7C9330057D230 /* Home */ = {
			isa = PBXGroup;
			children = (
				B4B0EC1523C640820057D230 /* CustomCellMovie.swift */,
				B4B0EC1923C66FE50057D230 /* HeaderCellComics.swift */,
				B487801423C8B07200E57D2D /* ProfileButton.swift */,
				B487801923C8FF2A00E57D2D /* PostCell.swift */,
			);
			path = Home;
			sourceTree = "<group>";
		};
		B4CF3E7923D1052D00A3CF18 /* DETAIL_VIEW */ = {
			isa = PBXGroup;
			children = (
				B4CF3E7A23D1055100A3CF18 /* DetailMarvelView.swift */,
			);
			path = DETAIL_VIEW;
			sourceTree = "<group>";
		};
/* End PBXGroup section */

/* Begin PBXNativeTarget section */
		B4B0EBE423C639B90057D230 /* Marvel_MVP */ = {
			isa = PBXNativeTarget;
			buildConfigurationList = B4B0EBFB23C639BC0057D230 /* Build configuration list for PBXNativeTarget "Marvel_MVP" */;
			buildPhases = (
				D9C75744BABCD889D8A2FF99 /* [CP] Check Pods Manifest.lock */,
				B4B0EBE123C639B90057D230 /* Sources */,
				B4B0EBE223C639B90057D230 /* Frameworks */,
				B4B0EBE323C639B90057D230 /* Resources */,
				410BDEEE86D55C31B6ED5ED8 /* [CP] Embed Pods Frameworks */,
			);
			buildRules = (
			);
			dependencies = (
			);
			name = Marvel_MVP;
			productName = Marvel_MVP;
			productReference = B4B0EBE523C639B90057D230 /* Marvel_MVP.app */;
			productType = "com.apple.product-type.application";
		};
/* End PBXNativeTarget section */

/* Begin PBXProject section */
		B4B0EBDD23C639B90057D230 /* Project object */ = {
			isa = PBXProject;
			attributes = {
				LastSwiftUpdateCheck = 1100;
				LastUpgradeCheck = 1100;
				ORGANIZATIONNAME = icologic;
				TargetAttributes = {
					B4B0EBE423C639B90057D230 = {
						CreatedOnToolsVersion = 11.0;
					};
				};
			};
			buildConfigurationList = B4B0EBE023C639B90057D230 /* Build configuration list for PBXProject "Marvel_MVP" */;
			compatibilityVersion = "Xcode 9.3";
			developmentRegion = en;
			hasScannedForEncodings = 0;
			knownRegions = (
				en,
				Base,
			);
			mainGroup = B4B0EBDC23C639B90057D230;
			productRefGroup = B4B0EBE623C639B90057D230 /* Products */;
			projectDirPath = "";
			projectRoot = "";
			targets = (
				B4B0EBE423C639B90057D230 /* Marvel_MVP */,
			);
		};
/* End PBXProject section */

/* Begin PBXResourcesBuildPhase section */
		B4B0EBE323C639B90057D230 /* Resources */ = {
			isa = PBXResourcesBuildPhase;
			buildActionMask = 2147483647;
			files = (
				B4B0EBF723C639BC0057D230 /* LaunchScreen.storyboard in Resources */,
				B4B0EBF423C639BC0057D230 /* Preview Assets.xcassets in Resources */,
				B4B0EBF123C639BC0057D230 /* Assets.xcassets in Resources */,
			);
			runOnlyForDeploymentPostprocessing = 0;
		};
/* End PBXResourcesBuildPhase section */

/* Begin PBXShellScriptBuildPhase section */
		410BDEEE86D55C31B6ED5ED8 /* [CP] Embed Pods Frameworks */ = {
			isa = PBXShellScriptBuildPhase;
			buildActionMask = 2147483647;
			files = (
			);
			inputFileListPaths = (
				"${PODS_ROOT}/Target Support Files/Pods-Marvel_MVP/Pods-Marvel_MVP-frameworks-${CONFIGURATION}-input-files.xcfilelist",
			);
			name = "[CP] Embed Pods Frameworks";
			outputFileListPaths = (
				"${PODS_ROOT}/Target Support Files/Pods-Marvel_MVP/Pods-Marvel_MVP-frameworks-${CONFIGURATION}-output-files.xcfilelist",
			);
			runOnlyForDeploymentPostprocessing = 0;
			shellPath = /bin/sh;
			shellScript = "\"${PODS_ROOT}/Target Support Files/Pods-Marvel_MVP/Pods-Marvel_MVP-frameworks.sh\"\n";
			showEnvVarsInLog = 0;
		};
		D9C75744BABCD889D8A2FF99 /* [CP] Check Pods Manifest.lock */ = {
			isa = PBXShellScriptBuildPhase;
			buildActionMask = 2147483647;
			files = (
			);
			inputFileListPaths = (
			);
			inputPaths = (
				"${PODS_PODFILE_DIR_PATH}/Podfile.lock",
				"${PODS_ROOT}/Manifest.lock",
			);
			name = "[CP] Check Pods Manifest.lock";
			outputFileListPaths = (
			);
			outputPaths = (
				"$(DERIVED_FILE_DIR)/Pods-Marvel_MVP-checkManifestLockResult.txt",
			);
			runOnlyForDeploymentPostprocessing = 0;
			shellPath = /bin/sh;
			shellScript = "diff \"${PODS_PODFILE_DIR_PATH}/Podfile.lock\" \"${PODS_ROOT}/Manifest.lock\" > /dev/null\nif [ $? != 0 ] ; then\n    # print error to STDERR\n    echo \"error: The sandbox is not in sync with the Podfile.lock. Run 'pod install' or update your CocoaPods installation.\" >&2\n    exit 1\nfi\n# This output is used by Xcode 'outputs' to avoid re-running this script phase.\necho \"SUCCESS\" > \"${SCRIPT_OUTPUT_FILE_0}\"\n";
			showEnvVarsInLog = 0;
		};
/* End PBXShellScriptBuildPhase section */

/* Begin PBXSourcesBuildPhase section */
		B4B0EBE123C639B90057D230 /* Sources */ = {
			isa = PBXSourcesBuildPhase;
			buildActionMask = 2147483647;
			files = (
				B4B0EC3023C7A71D0057D230 /* SharedWebCredential.swift in Sources */,
				B4B0EC0023C639F80057D230 /* HomeView.swift in Sources */,
				B4B0EC0323C63AC10057D230 /* AppAssembly.swift in Sources */,
				B4B0EBE923C639B90057D230 /* AppDelegate.swift in Sources */,
				B4B0EC1C23C73A190057D230 /* CharactersModel.swift in Sources */,
				B4B0EC3223C7A8B10057D230 /* SignInWithAppleDelegates.swift in Sources */,
				B4B0EC1623C640820057D230 /* CustomCellMovie.swift in Sources */,
				B4B0EC2F23C7A71D0057D230 /* Keychain.swift in Sources */,
				B4B0EC0E23C63C640057D230 /* ComicsModel.swift in Sources */,
				B4CF3E7B23D1055100A3CF18 /* DetailMarvelView.swift in Sources */,
				B4B0EC3923C7C9AA0057D230 /* FeaturedModel.swift in Sources */,
				B4B0EC1323C63E2F0057D230 /* Helpers.swift in Sources */,
				B4B0EBEB23C639B90057D230 /* SceneDelegate.swift in Sources */,
				B4B0EC1E23C78B6B0057D230 /* SeriesModel.swift in Sources */,
				B4B0EC1123C63CB10057D230 /* Constantes.swift in Sources */,
				B4B0EC2E23C7A71D0057D230 /* UserDataKeychain.swift in Sources */,
				B4B0EC2723C7A3C30057D230 /* UserAndPassword.swift in Sources */,
				B4B0EC2223C791980057D230 /* LoginView.swift in Sources */,
				B4B0EC0B23C63B930057D230 /* HomeInteractor.swift in Sources */,
				B4B0EC3423C7AA200057D230 /* WebApi.swift in Sources */,
				B4B0EC0923C63B680057D230 /* GenerProvider.swift in Sources */,
				B487801A23C8FF2A00E57D2D /* PostCell.swift in Sources */,
				B4B0EC1A23C66FE50057D230 /* HeaderCellComics.swift in Sources */,
				B487801523C8B07200E57D2D /* ProfileButton.swift in Sources */,
				B4B0EC0523C63B460057D230 /* HomePresenter.swift in Sources */,
				B4B0EC0823C63B680057D230 /* BaseProvider.swift in Sources */,
				B4B0EC2523C799460057D230 /* SignInWithApple.swift in Sources */,
				B4B0EC2D23C7A71D0057D230 /* UserData.swift in Sources */,
				B487801823C8FE9E00E57D2D /* AllListMarvel.swift in Sources */,
				B4B0EC1823C640B50057D230 /* RemoteImageUrl.swift in Sources */,
			);
			runOnlyForDeploymentPostprocessing = 0;
		};
/* End PBXSourcesBuildPhase section */

/* Begin PBXVariantGroup section */
		B4B0EBF523C639BC0057D230 /* LaunchScreen.storyboard */ = {
			isa = PBXVariantGroup;
			children = (
				B4B0EBF623C639BC0057D230 /* Base */,
			);
			name = LaunchScreen.storyboard;
			sourceTree = "<group>";
		};
/* End PBXVariantGroup section */

/* Begin XCBuildConfiguration section */
		B4B0EBF923C639BC0057D230 /* Debug */ = {
			isa = XCBuildConfiguration;
			buildSettings = {
				ALWAYS_SEARCH_USER_PATHS = NO;
				CLANG_ANALYZER_NONNULL = YES;
				CLANG_ANALYZER_NUMBER_OBJECT_CONVERSION = YES_AGGRESSIVE;
				CLANG_CXX_LANGUAGE_STANDARD = "gnu++14";
				CLANG_CXX_LIBRARY = "libc++";
				CLANG_ENABLE_MODULES = YES;
				CLANG_ENABLE_OBJC_ARC = YES;
				CLANG_ENABLE_OBJC_WEAK = YES;
				CLANG_WARN_BLOCK_CAPTURE_AUTORELEASING = YES;
				CLANG_WARN_BOOL_CONVERSION = YES;
				CLANG_WARN_COMMA = YES;
				CLANG_WARN_CONSTANT_CONVERSION = YES;
				CLANG_WARN_DEPRECATED_OBJC_IMPLEMENTATIONS = YES;
				CLANG_WARN_DIRECT_OBJC_ISA_USAGE = YES_ERROR;
				CLANG_WARN_DOCUMENTATION_COMMENTS = YES;
				CLANG_WARN_EMPTY_BODY = YES;
				CLANG_WARN_ENUM_CONVERSION = YES;
				CLANG_WARN_INFINITE_RECURSION = YES;
				CLANG_WARN_INT_CONVERSION = YES;
				CLANG_WARN_NON_LITERAL_NULL_CONVERSION = YES;
				CLANG_WARN_OBJC_IMPLICIT_RETAIN_SELF = YES;
				CLANG_WARN_OBJC_LITERAL_CONVERSION = YES;
				CLANG_WARN_OBJC_ROOT_CLASS = YES_ERROR;
				CLANG_WARN_RANGE_LOOP_ANALYSIS = YES;
				CLANG_WARN_STRICT_PROTOTYPES = YES;
				CLANG_WARN_SUSPICIOUS_MOVE = YES;
				CLANG_WARN_UNGUARDED_AVAILABILITY = YES_AGGRESSIVE;
				CLANG_WARN_UNREACHABLE_CODE = YES;
				CLANG_WARN__DUPLICATE_METHOD_MATCH = YES;
				COPY_PHASE_STRIP = NO;
				DEBUG_INFORMATION_FORMAT = dwarf;
				ENABLE_STRICT_OBJC_MSGSEND = YES;
				ENABLE_TESTABILITY = YES;
				GCC_C_LANGUAGE_STANDARD = gnu11;
				GCC_DYNAMIC_NO_PIC = NO;
				GCC_NO_COMMON_BLOCKS = YES;
				GCC_OPTIMIZATION_LEVEL = 0;
				GCC_PREPROCESSOR_DEFINITIONS = (
					"DEBUG=1",
					"$(inherited)",
				);
				GCC_WARN_64_TO_32_BIT_CONVERSION = YES;
				GCC_WARN_ABOUT_RETURN_TYPE = YES_ERROR;
				GCC_WARN_UNDECLARED_SELECTOR = YES;
				GCC_WARN_UNINITIALIZED_AUTOS = YES_AGGRESSIVE;
				GCC_WARN_UNUSED_FUNCTION = YES;
				GCC_WARN_UNUSED_VARIABLE = YES;
				IPHONEOS_DEPLOYMENT_TARGET = 13.0;
				MTL_ENABLE_DEBUG_INFO = INCLUDE_SOURCE;
				MTL_FAST_MATH = YES;
				ONLY_ACTIVE_ARCH = YES;
				SDKROOT = iphoneos;
				SWIFT_ACTIVE_COMPILATION_CONDITIONS = DEBUG;
				SWIFT_OPTIMIZATION_LEVEL = "-Onone";
			};
			name = Debug;
		};
		B4B0EBFA23C639BC0057D230 /* Release */ = {
			isa = XCBuildConfiguration;
			buildSettings = {
				ALWAYS_SEARCH_USER_PATHS = NO;
				CLANG_ANALYZER_NONNULL = YES;
				CLANG_ANALYZER_NUMBER_OBJECT_CONVERSION = YES_AGGRESSIVE;
				CLANG_CXX_LANGUAGE_STANDARD = "gnu++14";
				CLANG_CXX_LIBRARY = "libc++";
				CLANG_ENABLE_MODULES = YES;
				CLANG_ENABLE_OBJC_ARC = YES;
				CLANG_ENABLE_OBJC_WEAK = YES;
				CLANG_WARN_BLOCK_CAPTURE_AUTORELEASING = YES;
				CLANG_WARN_BOOL_CONVERSION = YES;
				CLANG_WARN_COMMA = YES;
				CLANG_WARN_CONSTANT_CONVERSION = YES;
				CLANG_WARN_DEPRECATED_OBJC_IMPLEMENTATIONS = YES;
				CLANG_WARN_DIRECT_OBJC_ISA_USAGE = YES_ERROR;
				CLANG_WARN_DOCUMENTATION_COMMENTS = YES;
				CLANG_WARN_EMPTY_BODY = YES;
				CLANG_WARN_ENUM_CONVERSION = YES;
				CLANG_WARN_INFINITE_RECURSION = YES;
				CLANG_WARN_INT_CONVERSION = YES;
				CLANG_WARN_NON_LITERAL_NULL_CONVERSION = YES;
				CLANG_WARN_OBJC_IMPLICIT_RETAIN_SELF = YES;
				CLANG_WARN_OBJC_LITERAL_CONVERSION = YES;
				CLANG_WARN_OBJC_ROOT_CLASS = YES_ERROR;
				CLANG_WARN_RANGE_LOOP_ANALYSIS = YES;
				CLANG_WARN_STRICT_PROTOTYPES = YES;
				CLANG_WARN_SUSPICIOUS_MOVE = YES;
				CLANG_WARN_UNGUARDED_AVAILABILITY = YES_AGGRESSIVE;
				CLANG_WARN_UNREACHABLE_CODE = YES;
				CLANG_WARN__DUPLICATE_METHOD_MATCH = YES;
				COPY_PHASE_STRIP = NO;
				DEBUG_INFORMATION_FORMAT = "dwarf-with-dsym";
				ENABLE_NS_ASSERTIONS = NO;
				ENABLE_STRICT_OBJC_MSGSEND = YES;
				GCC_C_LANGUAGE_STANDARD = gnu11;
				GCC_NO_COMMON_BLOCKS = YES;
				GCC_WARN_64_TO_32_BIT_CONVERSION = YES;
				GCC_WARN_ABOUT_RETURN_TYPE = YES_ERROR;
				GCC_WARN_UNDECLARED_SELECTOR = YES;
				GCC_WARN_UNINITIALIZED_AUTOS = YES_AGGRESSIVE;
				GCC_WARN_UNUSED_FUNCTION = YES;
				GCC_WARN_UNUSED_VARIABLE = YES;
				IPHONEOS_DEPLOYMENT_TARGET = 13.0;
				MTL_ENABLE_DEBUG_INFO = NO;
				MTL_FAST_MATH = YES;
				SDKROOT = iphoneos;
				SWIFT_COMPILATION_MODE = wholemodule;
				SWIFT_OPTIMIZATION_LEVEL = "-O";
				VALIDATE_PRODUCT = YES;
			};
			name = Release;
		};
		B4B0EBFC23C639BC0057D230 /* Debug */ = {
			isa = XCBuildConfiguration;
			baseConfigurationReference = FD459BC9B89FCDDC6AA4E1C8 /* Pods-Marvel_MVP.debug.xcconfig */;
			buildSettings = {
				ASSETCATALOG_COMPILER_APPICON_NAME = AppIcon;
				CODE_SIGN_ENTITLEMENTS = Marvel_MVP/Marvel_MVP.entitlements;
				CODE_SIGN_IDENTITY = "iPhone Distribution";
				CODE_SIGN_STYLE = Manual;
				DEVELOPMENT_ASSET_PATHS = "\"Marvel_MVP/Preview Content\"";
				DEVELOPMENT_TEAM = 2C7W4RF846;
				ENABLE_PREVIEWS = YES;
				INFOPLIST_FILE = Marvel_MVP/Info.plist;
				LD_RUNPATH_SEARCH_PATHS = (
					"$(inherited)",
					"@executable_path/Frameworks",
				);
				PRODUCT_BUNDLE_IDENTIFIER = com.icologic.iOS.Marvel.MVP;
				PRODUCT_NAME = "$(TARGET_NAME)";
				PROVISIONING_PROFILE_SPECIFIER = MARVELPRO;
				SWIFT_VERSION = 5.0;
				TARGETED_DEVICE_FAMILY = "1,2";
			};
			name = Debug;
		};
		B4B0EBFD23C639BC0057D230 /* Release */ = {
			isa = XCBuildConfiguration;
			baseConfigurationReference = 7E3833793C8CF09F95E5CFDC /* Pods-Marvel_MVP.release.xcconfig */;
			buildSettings = {
				ASSETCATALOG_COMPILER_APPICON_NAME = AppIcon;
				CODE_SIGN_ENTITLEMENTS = Marvel_MVP/Marvel_MVP.entitlements;
				CODE_SIGN_IDENTITY = "iPhone Distribution";
				CODE_SIGN_STYLE = Manual;
				DEVELOPMENT_ASSET_PATHS = "\"Marvel_MVP/Preview Content\"";
				DEVELOPMENT_TEAM = 2C7W4RF846;
				ENABLE_PREVIEWS = YES;
				INFOPLIST_FILE = Marvel_MVP/Info.plist;
				LD_RUNPATH_SEARCH_PATHS = (
					"$(inherited)",
					"@executable_path/Frameworks",
				);
				PRODUCT_BUNDLE_IDENTIFIER = com.icologic.iOS.Marvel.MVP;
				PRODUCT_NAME = "$(TARGET_NAME)";
				PROVISIONING_PROFILE_SPECIFIER = MARVELPRO;
				SWIFT_VERSION = 5.0;
				TARGETED_DEVICE_FAMILY = "1,2";
			};
			name = Release;
		};
/* End XCBuildConfiguration section */

/* Begin XCConfigurationList section */
		B4B0EBE023C639B90057D230 /* Build configuration list for PBXProject "Marvel_MVP" */ = {
			isa = XCConfigurationList;
			buildConfigurations = (
				B4B0EBF923C639BC0057D230 /* Debug */,
				B4B0EBFA23C639BC0057D230 /* Release */,
			);
			defaultConfigurationIsVisible = 0;
			defaultConfigurationName = Release;
		};
		B4B0EBFB23C639BC0057D230 /* Build configuration list for PBXNativeTarget "Marvel_MVP" */ = {
			isa = XCConfigurationList;
			buildConfigurations = (
				B4B0EBFC23C639BC0057D230 /* Debug */,
				B4B0EBFD23C639BC0057D230 /* Release */,
			);
			defaultConfigurationIsVisible = 0;
			defaultConfigurationName = Release;
		};
/* End XCConfigurationList section */
	};
	rootObject = B4B0EBDD23C639B90057D230 /* Project object */;
}
